{
  "pins" : [
    {
      "identity" : "jwpubkit",
      "kind" : "remoteSourceControl",
      "location" : "https://github.com/AppyWebCo/JWPubKit.git",
      "state" : {
        "revision" : "01e54b6f761186ff468d6df6c78705124c4968a7",
        "version" : "0.0.8"
      }
    },
    {
      "identity" : "realm-core",
      "kind" : "remoteSourceControl",
      "location" : "https://github.com/realm/realm-core.git",
      "state" : {
        "revision" : "f1434caadda443b4ed2261b91ea4f43ab1ee2aa5",
        "version" : "13.15.1"
      }
    },
    {
      "identity" : "realm-swift",
      "kind" : "remoteSourceControl",
      "location" : "https://github.com/realm/realm-swift.git",
      "state" : {
        "revision" : "b287dc102036ff425bd8a88483f0a5596871f05e",
        "version" : "10.41.0"
      }
    },
    {
      "identity" : "sqlite.swift",
      "kind" : "remoteSourceControl",
      "location" : "https://github.com/stephencelis/SQLite.swift.git",
      "state" : {
        "revision" : "7a2e3cd27de56f6d396e84f63beefd0267b55ccb",
        "version" : "0.14.1"
      }
    },
    {
      "identity" : "swiftsoup",
      "kind" : "remoteSourceControl",
      "location" : "https://github.com/scinfu/SwiftSoup.git",
      "state" : {
        "revision" : "8b6cf29eead8841a1fa7822481cb3af4ddaadba6",
        "version" : "2.6.1"
      }
    },
    {
      "identity" : "zipfoundation",
      "kind" : "remoteSourceControl",
      "location" : "https://github.com/weichsel/ZIPFoundation.git",
      "state" : {
        "revision" : "43ec568034b3731101dbf7670765d671c30f54f3",
        "version" : "0.9.16"
      }
    },
    {
      "identity" : "zlib",
      "kind" : "remoteSourceControl",
      "location" : "https://github.com/mezhevikin/Zlib.git",
      "state" : {
        "revision" : "a9ac189e6252dff3367314a6ca7fac6cee8a42b3",
        "version" : "0.0.2"
      }
    }
  ],
  "version" : 2
}
